
Microsoft Visual Studio Solution File, Format Version 12.00
# Visual Studio Version 17
VisualStudioVersion = 17.4.33205.214
MinimumVisualStudioVersion = 10.0.40219.1
Project("{8BC9CEB8-8B4A-11D0-8D11-00A0C91BC942}") = "opus predmety 1", "opus predmety 1\opus predmety 1.vcxproj", "{1EDCAAE5-8854-4051-ADF2-A4CA79A0FD33}"
EndProject
Global
	GlobalSection(SolutionConfigurationPlatforms) = preSolution
		Debug|x64 = Debug|x64
		Debug|x86 = Debug|x86
		Release|x64 = Release|x64
		Release|x86 = Release|x86
	EndGlobalSection
	GlobalSection(ProjectConfigurationPlatforms) = postSolution
		{1EDCAAE5-8854-4051-ADF2-A4CA79A0FD33}.Debug|x64.ActiveCfg = Debug|x64
		{1EDCAAE5-8854-4051-ADF2-A4CA79A0FD33}.Debug|x64.Build.0 = Debug|x64
		{1EDCAAE5-8854-4051-ADF2-A4CA79A0FD33}.Debug|x86.ActiveCfg = Debug|Win32
		{1EDCAAE5-8854-4051-ADF2-A4CA79A0FD33}.Debug|x86.Build.0 = Debug|Win32
		{1EDCAAE5-8854-4051-ADF2-A4CA79A0FD33}.Release|x64.ActiveCfg = Release|x64
		{1EDCAAE5-8854-4051-ADF2-A4CA79A0FD33}.Release|x64.Build.0 = Release|x64
		{1EDCAAE5-8854-4051-ADF2-A4CA79A0FD33}.Release|x86.ActiveCfg = Release|Win32
		{1EDCAAE5-8854-4051-ADF2-A4CA79A0FD33}.Release|x86.Build.0 = Release|Win32
	EndGlobalSection
	GlobalSection(SolutionProperties) = preSolution
		HideSolutionNode = FALSE
	EndGlobalSection
	GlobalSection(ExtensibilityGlobals) = postSolution
		SolutionGuid = {C4EC7611-9D48-4039-B006-63DA87F9AF4F}
	EndGlobalSection
EndGlobal
